
Microsoft Visual Studio Solution File, Format Version 12.00
# Visual Studio 14
VisualStudioVersion = 14.0.25420.1
MinimumVisualStudioVersion = 10.0.40219.1
Project("{FAE04EC0-301F-11D3-BF4B-00C04F79EFBC}") = "030- MultiUsingFor", "030- MultiUsingFor\030- MultiUsingFor.csproj", "{C5CE995A-4AE0-4834-9A08-441AFD59C2CC}"
EndProject
Global
	GlobalSection(SolutionConfigurationPlatforms) = preSolution
		Debug|Any CPU = Debug|Any CPU
		Release|Any CPU = Release|Any CPU
	EndGlobalSection
	GlobalSection(ProjectConfigurationPlatforms) = postSolution
		{C5CE995A-4AE0-4834-9A08-441AFD59C2CC}.Debug|Any CPU.ActiveCfg = Debug|Any CPU
		{C5CE995A-4AE0-4834-9A08-441AFD59C2CC}.Debug|Any CPU.Build.0 = Debug|Any CPU
		{C5CE995A-4AE0-4834-9A08-441AFD59C2CC}.Release|Any CPU.ActiveCfg = Release|Any CPU
		{C5CE995A-4AE0-4834-9A08-441AFD59C2CC}.Release|Any CPU.Build.0 = Release|Any CPU
	EndGlobalSection
	GlobalSection(SolutionProperties) = preSolution
		HideSolutionNode = FALSE
	EndGlobalSection
EndGlobal
